# This file is automatically @generated by Cargo.
# It is not intended for manual editing.
[[package]]
name = "cfg-if"
version = "0.1.7"
source = "registry+https://github.com/rust-lang/crates.io-index"

[[package]]
name = "libc"
version = "0.2.50"
source = "registry+https://github.com/rust-lang/crates.io-index"

[[package]]
name = "log"
version = "0.4.6"
source = "registry+https://github.com/rust-lang/crates.io-index"
dependencies = [
 "cfg-if 0.1.7 (registry+https://github.com/rust-lang/crates.io-index)",
]

[[package]]
name = "respice"
version = "0.1.0"
dependencies = [
 "xcb 0.8.2 (registry+https://github.com/rust-lang/crates.io-index)",
]

[[package]]
name = "xcb"
version = "0.8.2"
source = "registry+https://github.com/rust-lang/crates.io-index"
dependencies = [
 "libc 0.2.50 (registry+https://github.com/rust-lang/crates.io-index)",
 "log 0.4.6 (registry+https://github.com/rust-lang/crates.io-index)",
]

[metadata]
"checksum cfg-if 0.1.7 (registry+https://github.com/rust-lang/crates.io-index)" = "11d43355396e872eefb45ce6342e4374ed7bc2b3a502d1b28e36d6e23c05d1f4"
"checksum libc 0.2.50 (registry+https://github.com/rust-lang/crates.io-index)" = "aab692d7759f5cd8c859e169db98ae5b52c924add2af5fbbca11d12fefb567c1"
"checksum log 0.4.6 (registry+https://github.com/rust-lang/crates.io-index)" = "c84ec4b527950aa83a329754b01dbe3f58361d1c5efacd1f6d68c494d08a17c6"
"checksum xcb 0.8.2 (registry+https://github.com/rust-lang/crates.io-index)" = "5e917a3f24142e9ff8be2414e36c649d47d6cc2ba81f16201cdef96e533e02de"
